
Microsoft Visual Studio Solution File, Format Version 12.00
# Visual Studio Version 17
VisualStudioVersion = 17.0.31903.59
MinimumVisualStudioVersion = 10.0.40219.1
Project("{2150E333-8FDC-42A3-9474-1A3956D46DE8}") = "src", "src", "{6ED1D938-6B0B-4070-8412-48D74F9FEF46}"
EndProject
Project("{FAE04EC0-301F-11D3-BF4B-00C04F79EFBC}") = "Tariff.Comparison.Api", "src\api\Tariff.Comparison.Api.csproj", "{47C693C3-3F49-43C0-AA73-6289930CAA12}"
EndProject
Project("{2150E333-8FDC-42A3-9474-1A3956D46DE8}") = "core", "core", "{E2022D49-1898-4F5C-8ACE-07C060E667EE}"
EndProject
Project("{2150E333-8FDC-42A3-9474-1A3956D46DE8}") = "domain", "domain", "{D61254DB-BC7A-4B3E-9E96-6009EC2EDFD5}"
EndProject
Project("{FAE04EC0-301F-11D3-BF4B-00C04F79EFBC}") = "Tariff.Comparison.Domain.Enums", "src\core\domain\enums\Tariff.Comparison.Domain.Enums.csproj", "{FABA53EB-FFD8-40DE-B8E7-CFDD7DE0B871}"
EndProject
Project("{FAE04EC0-301F-11D3-BF4B-00C04F79EFBC}") = "Tariff.Comparison.Domain.Exceptions", "src\core\domain\exceptions\Tariff.Comparison.Domain.Exceptions.csproj", "{D81DE6CF-80AF-4B7C-B2E2-E71541FFEA02}"
EndProject
Project("{FAE04EC0-301F-11D3-BF4B-00C04F79EFBC}") = "Tariff.Comparison.Domain.Interfaces", "src\core\domain\interfaces\Tariff.Comparison.Domain.Interfaces.csproj", "{38F36D2A-F7F3-4C97-9A1F-E230F0506BAA}"
EndProject
Project("{FAE04EC0-301F-11D3-BF4B-00C04F79EFBC}") = "Tariff.Comparison.Domain.Model", "src\core\domain\model\Tariff.Comparison.Domain.Model.csproj", "{2FDB69A8-09B3-417B-9644-AB93C4271E19}"
EndProject
Project("{FAE04EC0-301F-11D3-BF4B-00C04F79EFBC}") = "Tariff.Comparison.Evaluator", "src\evaluator\Tariff.Comparison.Evaluator.csproj", "{6F9B5A6D-2DB4-46C8-A678-9B55C106513C}"
EndProject
Project("{FAE04EC0-301F-11D3-BF4B-00C04F79EFBC}") = "Tariff.Comparison.Services", "src\services\Tariff.Comparison.Services.csproj", "{85550E8C-5DC2-4985-A24E-5290765140CC}"
EndProject
Project("{2150E333-8FDC-42A3-9474-1A3956D46DE8}") = "consumer", "consumer", "{82E7B163-C30E-43FC-9B56-65B9CD018410}"
EndProject
Project("{FAE04EC0-301F-11D3-BF4B-00C04F79EFBC}") = "Tariff.Comparison.External.Consumer", "src\consumer\external\Tariff.Comparison.External.Consumer.csproj", "{FA95E4EC-D3F9-4A4E-8F38-CC63668A4CF8}"
EndProject
Project("{FAE04EC0-301F-11D3-BF4B-00C04F79EFBC}") = "Tariff.Comparison.Consumer.Worker", "src\consumer\worker\Tariff.Comparison.Consumer.Worker.csproj", "{F363BF27-7D75-477A-B631-BF11AEA5C62C}"
EndProject
Project("{2150E333-8FDC-42A3-9474-1A3956D46DE8}") = "domain", "domain", "{C4389901-E9D3-4B34-973A-34F8044A9176}"
EndProject
Project("{FAE04EC0-301F-11D3-BF4B-00C04F79EFBC}") = "Tariff.Comparison.Consumer.Domain.Interfaces", "src\consumer\domain\interfaces\Tariff.Comparison.Consumer.Domain.Interfaces.csproj", "{BD4800B8-26D4-49E0-B51E-AA4C95EE8FE4}"
EndProject
Project("{FAE04EC0-301F-11D3-BF4B-00C04F79EFBC}") = "Tariff.Comparison.Consumer.Domain.Models", "src\consumer\domain\models\Tariff.Comparison.Consumer.Domain.Models.csproj", "{A698177F-CF3A-4328-8350-B4460D90A852}"
EndProject
Project("{2150E333-8FDC-42A3-9474-1A3956D46DE8}") = "provider", "provider", "{4442404D-B584-4C93-98B1-C0F52F987320}"
EndProject
Project("{2150E333-8FDC-42A3-9474-1A3956D46DE8}") = "external", "external", "{1893D6F2-C413-4726-8C0A-93EADCAF3ED2}"
EndProject
Project("{FAE04EC0-301F-11D3-BF4B-00C04F79EFBC}") = "Tariff.Consumption.Provider.external.Client", "src\consumer\provider\external\client\Tariff.Consumption.Provider.external.Client.csproj", "{8BFE5E5D-8281-4724-BF0A-997251F50BD9}"
EndProject
Project("{2150E333-8FDC-42A3-9474-1A3956D46DE8}") = "test", "test", "{FB8BAD51-BCEC-4FA4-B554-E299D8C6DD59}"
EndProject
Project("{FAE04EC0-301F-11D3-BF4B-00C04F79EFBC}") = "Tariff.Comparison.Evaluator.Test", "test\evaluator\Tariff.Comparison.Evaluator.Test.csproj", "{373275BC-412A-4FF7-AB61-F3E348DF3DCE}"
EndProject
Project("{FAE04EC0-301F-11D3-BF4B-00C04F79EFBC}") = "Tariff.Comparison.Helpers", "src\helpers\Tariff.Comparison.Helpers.csproj", "{C6F73734-E0F8-483C-A5F6-6FFE46638070}"
EndProject
Project("{2150E333-8FDC-42A3-9474-1A3956D46DE8}") = "provider", "provider", "{9DC154EF-BADD-4C38-9682-5A18F86BE172}"
EndProject
Project("{2150E333-8FDC-42A3-9474-1A3956D46DE8}") = "cache", "cache", "{F049F456-4AD3-4397-A680-72E9158CCB10}"
EndProject
Project("{FAE04EC0-301F-11D3-BF4B-00C04F79EFBC}") = "Tariff.Comparison.Provider.Cache.Local", "src\provider\cache\local\Tariff.Comparison.Provider.Cache.Local.csproj", "{F7C3B15F-D38A-425B-85B2-EC39E9C2927A}"
EndProject
Project("{2150E333-8FDC-42A3-9474-1A3956D46DE8}") = "queue", "queue", "{B79D2957-4E73-42DE-A2BA-AC35F2C0675C}"
EndProject
Project("{FAE04EC0-301F-11D3-BF4B-00C04F79EFBC}") = "Tariff.Comparison.Provider.Queue.Local", "src\provider\queue\local\Tariff.Comparison.Provider.Queue.Local.csproj", "{B084E314-B841-426E-86A8-61C01EFE8742}"
EndProject
Global
	GlobalSection(SolutionConfigurationPlatforms) = preSolution
		Debug|Any CPU = Debug|Any CPU
		Release|Any CPU = Release|Any CPU
	EndGlobalSection
	GlobalSection(SolutionProperties) = preSolution
		HideSolutionNode = FALSE
	EndGlobalSection
	GlobalSection(ProjectConfigurationPlatforms) = postSolution
		{47C693C3-3F49-43C0-AA73-6289930CAA12}.Debug|Any CPU.ActiveCfg = Debug|Any CPU
		{47C693C3-3F49-43C0-AA73-6289930CAA12}.Debug|Any CPU.Build.0 = Debug|Any CPU
		{47C693C3-3F49-43C0-AA73-6289930CAA12}.Release|Any CPU.ActiveCfg = Release|Any CPU
		{47C693C3-3F49-43C0-AA73-6289930CAA12}.Release|Any CPU.Build.0 = Release|Any CPU
		{FABA53EB-FFD8-40DE-B8E7-CFDD7DE0B871}.Debug|Any CPU.ActiveCfg = Debug|Any CPU
		{FABA53EB-FFD8-40DE-B8E7-CFDD7DE0B871}.Debug|Any CPU.Build.0 = Debug|Any CPU
		{FABA53EB-FFD8-40DE-B8E7-CFDD7DE0B871}.Release|Any CPU.ActiveCfg = Release|Any CPU
		{FABA53EB-FFD8-40DE-B8E7-CFDD7DE0B871}.Release|Any CPU.Build.0 = Release|Any CPU
		{D81DE6CF-80AF-4B7C-B2E2-E71541FFEA02}.Debug|Any CPU.ActiveCfg = Debug|Any CPU
		{D81DE6CF-80AF-4B7C-B2E2-E71541FFEA02}.Debug|Any CPU.Build.0 = Debug|Any CPU
		{D81DE6CF-80AF-4B7C-B2E2-E71541FFEA02}.Release|Any CPU.ActiveCfg = Release|Any CPU
		{D81DE6CF-80AF-4B7C-B2E2-E71541FFEA02}.Release|Any CPU.Build.0 = Release|Any CPU
		{38F36D2A-F7F3-4C97-9A1F-E230F0506BAA}.Debug|Any CPU.ActiveCfg = Debug|Any CPU
		{38F36D2A-F7F3-4C97-9A1F-E230F0506BAA}.Debug|Any CPU.Build.0 = Debug|Any CPU
		{38F36D2A-F7F3-4C97-9A1F-E230F0506BAA}.Release|Any CPU.ActiveCfg = Release|Any CPU
		{38F36D2A-F7F3-4C97-9A1F-E230F0506BAA}.Release|Any CPU.Build.0 = Release|Any CPU
		{2FDB69A8-09B3-417B-9644-AB93C4271E19}.Debug|Any CPU.ActiveCfg = Debug|Any CPU
		{2FDB69A8-09B3-417B-9644-AB93C4271E19}.Debug|Any CPU.Build.0 = Debug|Any CPU
		{2FDB69A8-09B3-417B-9644-AB93C4271E19}.Release|Any CPU.ActiveCfg = Release|Any CPU
		{2FDB69A8-09B3-417B-9644-AB93C4271E19}.Release|Any CPU.Build.0 = Release|Any CPU
		{6F9B5A6D-2DB4-46C8-A678-9B55C106513C}.Debug|Any CPU.ActiveCfg = Debug|Any CPU
		{6F9B5A6D-2DB4-46C8-A678-9B55C106513C}.Debug|Any CPU.Build.0 = Debug|Any CPU
		{6F9B5A6D-2DB4-46C8-A678-9B55C106513C}.Release|Any CPU.ActiveCfg = Release|Any CPU
		{6F9B5A6D-2DB4-46C8-A678-9B55C106513C}.Release|Any CPU.Build.0 = Release|Any CPU
		{85550E8C-5DC2-4985-A24E-5290765140CC}.Debug|Any CPU.ActiveCfg = Debug|Any CPU
		{85550E8C-5DC2-4985-A24E-5290765140CC}.Debug|Any CPU.Build.0 = Debug|Any CPU
		{85550E8C-5DC2-4985-A24E-5290765140CC}.Release|Any CPU.ActiveCfg = Release|Any CPU
		{85550E8C-5DC2-4985-A24E-5290765140CC}.Release|Any CPU.Build.0 = Release|Any CPU
		{FA95E4EC-D3F9-4A4E-8F38-CC63668A4CF8}.Debug|Any CPU.ActiveCfg = Debug|Any CPU
		{FA95E4EC-D3F9-4A4E-8F38-CC63668A4CF8}.Debug|Any CPU.Build.0 = Debug|Any CPU
		{FA95E4EC-D3F9-4A4E-8F38-CC63668A4CF8}.Release|Any CPU.ActiveCfg = Release|Any CPU
		{FA95E4EC-D3F9-4A4E-8F38-CC63668A4CF8}.Release|Any CPU.Build.0 = Release|Any CPU
		{F363BF27-7D75-477A-B631-BF11AEA5C62C}.Debug|Any CPU.ActiveCfg = Debug|Any CPU
		{F363BF27-7D75-477A-B631-BF11AEA5C62C}.Debug|Any CPU.Build.0 = Debug|Any CPU
		{F363BF27-7D75-477A-B631-BF11AEA5C62C}.Release|Any CPU.ActiveCfg = Release|Any CPU
		{F363BF27-7D75-477A-B631-BF11AEA5C62C}.Release|Any CPU.Build.0 = Release|Any CPU
		{BD4800B8-26D4-49E0-B51E-AA4C95EE8FE4}.Debug|Any CPU.ActiveCfg = Debug|Any CPU
		{BD4800B8-26D4-49E0-B51E-AA4C95EE8FE4}.Debug|Any CPU.Build.0 = Debug|Any CPU
		{BD4800B8-26D4-49E0-B51E-AA4C95EE8FE4}.Release|Any CPU.ActiveCfg = Release|Any CPU
		{BD4800B8-26D4-49E0-B51E-AA4C95EE8FE4}.Release|Any CPU.Build.0 = Release|Any CPU
		{A698177F-CF3A-4328-8350-B4460D90A852}.Debug|Any CPU.ActiveCfg = Debug|Any CPU
		{A698177F-CF3A-4328-8350-B4460D90A852}.Debug|Any CPU.Build.0 = Debug|Any CPU
		{A698177F-CF3A-4328-8350-B4460D90A852}.Release|Any CPU.ActiveCfg = Release|Any CPU
		{A698177F-CF3A-4328-8350-B4460D90A852}.Release|Any CPU.Build.0 = Release|Any CPU
		{8BFE5E5D-8281-4724-BF0A-997251F50BD9}.Debug|Any CPU.ActiveCfg = Debug|Any CPU
		{8BFE5E5D-8281-4724-BF0A-997251F50BD9}.Debug|Any CPU.Build.0 = Debug|Any CPU
		{8BFE5E5D-8281-4724-BF0A-997251F50BD9}.Release|Any CPU.ActiveCfg = Release|Any CPU
		{8BFE5E5D-8281-4724-BF0A-997251F50BD9}.Release|Any CPU.Build.0 = Release|Any CPU
		{373275BC-412A-4FF7-AB61-F3E348DF3DCE}.Debug|Any CPU.ActiveCfg = Debug|Any CPU
		{373275BC-412A-4FF7-AB61-F3E348DF3DCE}.Debug|Any CPU.Build.0 = Debug|Any CPU
		{373275BC-412A-4FF7-AB61-F3E348DF3DCE}.Release|Any CPU.ActiveCfg = Release|Any CPU
		{373275BC-412A-4FF7-AB61-F3E348DF3DCE}.Release|Any CPU.Build.0 = Release|Any CPU
		{C6F73734-E0F8-483C-A5F6-6FFE46638070}.Debug|Any CPU.ActiveCfg = Debug|Any CPU
		{C6F73734-E0F8-483C-A5F6-6FFE46638070}.Debug|Any CPU.Build.0 = Debug|Any CPU
		{C6F73734-E0F8-483C-A5F6-6FFE46638070}.Release|Any CPU.ActiveCfg = Release|Any CPU
		{C6F73734-E0F8-483C-A5F6-6FFE46638070}.Release|Any CPU.Build.0 = Release|Any CPU
		{F7C3B15F-D38A-425B-85B2-EC39E9C2927A}.Debug|Any CPU.ActiveCfg = Debug|Any CPU
		{F7C3B15F-D38A-425B-85B2-EC39E9C2927A}.Debug|Any CPU.Build.0 = Debug|Any CPU
		{F7C3B15F-D38A-425B-85B2-EC39E9C2927A}.Release|Any CPU.ActiveCfg = Release|Any CPU
		{F7C3B15F-D38A-425B-85B2-EC39E9C2927A}.Release|Any CPU.Build.0 = Release|Any CPU
		{B084E314-B841-426E-86A8-61C01EFE8742}.Debug|Any CPU.ActiveCfg = Debug|Any CPU
		{B084E314-B841-426E-86A8-61C01EFE8742}.Debug|Any CPU.Build.0 = Debug|Any CPU
		{B084E314-B841-426E-86A8-61C01EFE8742}.Release|Any CPU.ActiveCfg = Release|Any CPU
		{B084E314-B841-426E-86A8-61C01EFE8742}.Release|Any CPU.Build.0 = Release|Any CPU
	EndGlobalSection
	GlobalSection(NestedProjects) = preSolution
		{47C693C3-3F49-43C0-AA73-6289930CAA12} = {6ED1D938-6B0B-4070-8412-48D74F9FEF46}
		{E2022D49-1898-4F5C-8ACE-07C060E667EE} = {6ED1D938-6B0B-4070-8412-48D74F9FEF46}
		{D61254DB-BC7A-4B3E-9E96-6009EC2EDFD5} = {E2022D49-1898-4F5C-8ACE-07C060E667EE}
		{FABA53EB-FFD8-40DE-B8E7-CFDD7DE0B871} = {D61254DB-BC7A-4B3E-9E96-6009EC2EDFD5}
		{D81DE6CF-80AF-4B7C-B2E2-E71541FFEA02} = {D61254DB-BC7A-4B3E-9E96-6009EC2EDFD5}
		{38F36D2A-F7F3-4C97-9A1F-E230F0506BAA} = {D61254DB-BC7A-4B3E-9E96-6009EC2EDFD5}
		{2FDB69A8-09B3-417B-9644-AB93C4271E19} = {D61254DB-BC7A-4B3E-9E96-6009EC2EDFD5}
		{6F9B5A6D-2DB4-46C8-A678-9B55C106513C} = {6ED1D938-6B0B-4070-8412-48D74F9FEF46}
		{85550E8C-5DC2-4985-A24E-5290765140CC} = {6ED1D938-6B0B-4070-8412-48D74F9FEF46}
		{82E7B163-C30E-43FC-9B56-65B9CD018410} = {6ED1D938-6B0B-4070-8412-48D74F9FEF46}
		{FA95E4EC-D3F9-4A4E-8F38-CC63668A4CF8} = {82E7B163-C30E-43FC-9B56-65B9CD018410}
		{F363BF27-7D75-477A-B631-BF11AEA5C62C} = {82E7B163-C30E-43FC-9B56-65B9CD018410}
		{C4389901-E9D3-4B34-973A-34F8044A9176} = {82E7B163-C30E-43FC-9B56-65B9CD018410}
		{BD4800B8-26D4-49E0-B51E-AA4C95EE8FE4} = {C4389901-E9D3-4B34-973A-34F8044A9176}
		{A698177F-CF3A-4328-8350-B4460D90A852} = {C4389901-E9D3-4B34-973A-34F8044A9176}
		{4442404D-B584-4C93-98B1-C0F52F987320} = {82E7B163-C30E-43FC-9B56-65B9CD018410}
		{1893D6F2-C413-4726-8C0A-93EADCAF3ED2} = {4442404D-B584-4C93-98B1-C0F52F987320}
		{8BFE5E5D-8281-4724-BF0A-997251F50BD9} = {1893D6F2-C413-4726-8C0A-93EADCAF3ED2}
		{373275BC-412A-4FF7-AB61-F3E348DF3DCE} = {FB8BAD51-BCEC-4FA4-B554-E299D8C6DD59}
		{C6F73734-E0F8-483C-A5F6-6FFE46638070} = {6ED1D938-6B0B-4070-8412-48D74F9FEF46}
		{9DC154EF-BADD-4C38-9682-5A18F86BE172} = {6ED1D938-6B0B-4070-8412-48D74F9FEF46}
		{F049F456-4AD3-4397-A680-72E9158CCB10} = {9DC154EF-BADD-4C38-9682-5A18F86BE172}
		{F7C3B15F-D38A-425B-85B2-EC39E9C2927A} = {F049F456-4AD3-4397-A680-72E9158CCB10}
		{B79D2957-4E73-42DE-A2BA-AC35F2C0675C} = {9DC154EF-BADD-4C38-9682-5A18F86BE172}
		{B084E314-B841-426E-86A8-61C01EFE8742} = {B79D2957-4E73-42DE-A2BA-AC35F2C0675C}
	EndGlobalSection
EndGlobal
